
Microsoft Visual Studio Solution File, Format Version 12.00
# Visual Studio 15
VisualStudioVersion = 15.0.27428.2037
MinimumVisualStudioVersion = 10.0.40219.1
Project("{FAE04EC0-301F-11D3-BF4B-00C04F79EFBC}") = "BA2XamarinDemo.Android", "BA2XamarinDemo\BA2XamarinDemo.Android\BA2XamarinDemo.Android.csproj", "{9DF1EACA-4B98-469F-95B8-D132125D969B}"
EndProject
Project("{FAE04EC0-301F-11D3-BF4B-00C04F79EFBC}") = "BA2XamarinDemo", "BA2XamarinDemo\BA2XamarinDemo\BA2XamarinDemo.csproj", "{E89FCF61-58C9-4FC3-BE77-F417688ED7DC}"
EndProject
Global
	GlobalSection(SolutionConfigurationPlatforms) = preSolution
		Debug|Any CPU = Debug|Any CPU
		Release|Any CPU = Release|Any CPU
	EndGlobalSection
	GlobalSection(ProjectConfigurationPlatforms) = postSolution
		{9DF1EACA-4B98-469F-95B8-D132125D969B}.Debug|Any CPU.ActiveCfg = Debug|Any CPU
		{9DF1EACA-4B98-469F-95B8-D132125D969B}.Debug|Any CPU.Build.0 = Debug|Any CPU
		{9DF1EACA-4B98-469F-95B8-D132125D969B}.Debug|Any CPU.Deploy.0 = Debug|Any CPU
		{9DF1EACA-4B98-469F-95B8-D132125D969B}.Release|Any CPU.ActiveCfg = Release|Any CPU
		{9DF1EACA-4B98-469F-95B8-D132125D969B}.Release|Any CPU.Build.0 = Release|Any CPU
		{9DF1EACA-4B98-469F-95B8-D132125D969B}.Release|Any CPU.Deploy.0 = Release|Any CPU
		{E89FCF61-58C9-4FC3-BE77-F417688ED7DC}.Debug|Any CPU.ActiveCfg = Debug|Any CPU
		{E89FCF61-58C9-4FC3-BE77-F417688ED7DC}.Debug|Any CPU.Build.0 = Debug|Any CPU
		{E89FCF61-58C9-4FC3-BE77-F417688ED7DC}.Release|Any CPU.ActiveCfg = Release|Any CPU
		{E89FCF61-58C9-4FC3-BE77-F417688ED7DC}.Release|Any CPU.Build.0 = Release|Any CPU
	EndGlobalSection
	GlobalSection(SolutionProperties) = preSolution
		HideSolutionNode = FALSE
	EndGlobalSection
	GlobalSection(ExtensibilityGlobals) = postSolution
		SolutionGuid = {5B54582B-B0DE-4404-88BC-4A9E686B05ED}
	EndGlobalSection
EndGlobal
